
Microsoft Visual Studio Solution File, Format Version 12.00
# Visual Studio Version 17
VisualStudioVersion = 17.14.36408.4
MinimumVisualStudioVersion = 10.0.40219.1
Project("{FAE04EC0-301F-11D3-BF4B-00C04F79EFBC}") = "API", "apps\API\API.csproj", "{3FC7EC71-31D1-712E-1320-384AD08193E8}"
EndProject
Project("{2150E333-8FDC-42A3-9474-1A3956D46DE8}") = "apps", "apps", "{02EA681E-C7D8-13C7-8484-4AC65E1B71E8}"
EndProject
Project("{2150E333-8FDC-42A3-9474-1A3956D46DE8}") = "src", "src", "{5483FAF2-AC62-470E-8460-2EE2A0663289}"
EndProject
Project("{2150E333-8FDC-42A3-9474-1A3956D46DE8}") = "infrastucture", "infrastucture", "{9BEC0AB6-FD16-458E-B4E9-E9AE7E12BBD8}"
EndProject
Project("{2150E333-8FDC-42A3-9474-1A3956D46DE8}") = "core", "core", "{C39DE183-C544-4952-91E2-760AE1F656F9}"
EndProject
Project("{2150E333-8FDC-42A3-9474-1A3956D46DE8}") = "persistence", "persistence", "{D10E67F0-3C28-4E35-9277-AB40A16B52DF}"
EndProject
Project("{FAE04EC0-301F-11D3-BF4B-00C04F79EFBC}") = "Persistence", "src\infrastructure\Persistence\Persistence.csproj", "{33139B22-FE7C-4D13-A644-93990EFC7E51}"
EndProject
Project("{FAE04EC0-301F-11D3-BF4B-00C04F79EFBC}") = "Application", "src\core\Application\Application.csproj", "{A73CD60A-A4F7-467E-96B4-EB8C80E01658}"
EndProject
Project("{FAE04EC0-301F-11D3-BF4B-00C04F79EFBC}") = "Base", "src\core\Base\Base.csproj", "{8CA92CD6-F01C-41FE-B694-9F329DC56793}"
EndProject
Project("{FAE04EC0-301F-11D3-BF4B-00C04F79EFBC}") = "Domain", "src\core\Domain\Domain.csproj", "{A25D23B8-352F-4F4A-BEE6-BF6A01850BB2}"
EndProject
Global
	GlobalSection(SolutionConfigurationPlatforms) = preSolution
		Debug|Any CPU = Debug|Any CPU
		Release|Any CPU = Release|Any CPU
	EndGlobalSection
	GlobalSection(ProjectConfigurationPlatforms) = postSolution
		{3FC7EC71-31D1-712E-1320-384AD08193E8}.Debug|Any CPU.ActiveCfg = Debug|Any CPU
		{3FC7EC71-31D1-712E-1320-384AD08193E8}.Debug|Any CPU.Build.0 = Debug|Any CPU
		{3FC7EC71-31D1-712E-1320-384AD08193E8}.Release|Any CPU.ActiveCfg = Release|Any CPU
		{3FC7EC71-31D1-712E-1320-384AD08193E8}.Release|Any CPU.Build.0 = Release|Any CPU
		{33139B22-FE7C-4D13-A644-93990EFC7E51}.Debug|Any CPU.ActiveCfg = Debug|Any CPU
		{33139B22-FE7C-4D13-A644-93990EFC7E51}.Debug|Any CPU.Build.0 = Debug|Any CPU
		{33139B22-FE7C-4D13-A644-93990EFC7E51}.Release|Any CPU.ActiveCfg = Release|Any CPU
		{33139B22-FE7C-4D13-A644-93990EFC7E51}.Release|Any CPU.Build.0 = Release|Any CPU
		{A73CD60A-A4F7-467E-96B4-EB8C80E01658}.Debug|Any CPU.ActiveCfg = Debug|Any CPU
		{A73CD60A-A4F7-467E-96B4-EB8C80E01658}.Debug|Any CPU.Build.0 = Debug|Any CPU
		{A73CD60A-A4F7-467E-96B4-EB8C80E01658}.Release|Any CPU.ActiveCfg = Release|Any CPU
		{A73CD60A-A4F7-467E-96B4-EB8C80E01658}.Release|Any CPU.Build.0 = Release|Any CPU
		{8CA92CD6-F01C-41FE-B694-9F329DC56793}.Debug|Any CPU.ActiveCfg = Debug|Any CPU
		{8CA92CD6-F01C-41FE-B694-9F329DC56793}.Debug|Any CPU.Build.0 = Debug|Any CPU
		{8CA92CD6-F01C-41FE-B694-9F329DC56793}.Release|Any CPU.ActiveCfg = Release|Any CPU
		{8CA92CD6-F01C-41FE-B694-9F329DC56793}.Release|Any CPU.Build.0 = Release|Any CPU
		{A25D23B8-352F-4F4A-BEE6-BF6A01850BB2}.Debug|Any CPU.ActiveCfg = Debug|Any CPU
		{A25D23B8-352F-4F4A-BEE6-BF6A01850BB2}.Debug|Any CPU.Build.0 = Debug|Any CPU
		{A25D23B8-352F-4F4A-BEE6-BF6A01850BB2}.Release|Any CPU.ActiveCfg = Release|Any CPU
		{A25D23B8-352F-4F4A-BEE6-BF6A01850BB2}.Release|Any CPU.Build.0 = Release|Any CPU
	EndGlobalSection
	GlobalSection(SolutionProperties) = preSolution
		HideSolutionNode = FALSE
	EndGlobalSection
	GlobalSection(NestedProjects) = preSolution
		{3FC7EC71-31D1-712E-1320-384AD08193E8} = {02EA681E-C7D8-13C7-8484-4AC65E1B71E8}
		{9BEC0AB6-FD16-458E-B4E9-E9AE7E12BBD8} = {5483FAF2-AC62-470E-8460-2EE2A0663289}
		{C39DE183-C544-4952-91E2-760AE1F656F9} = {5483FAF2-AC62-470E-8460-2EE2A0663289}
		{D10E67F0-3C28-4E35-9277-AB40A16B52DF} = {9BEC0AB6-FD16-458E-B4E9-E9AE7E12BBD8}
		{33139B22-FE7C-4D13-A644-93990EFC7E51} = {D10E67F0-3C28-4E35-9277-AB40A16B52DF}
		{A73CD60A-A4F7-467E-96B4-EB8C80E01658} = {C39DE183-C544-4952-91E2-760AE1F656F9}
		{8CA92CD6-F01C-41FE-B694-9F329DC56793} = {C39DE183-C544-4952-91E2-760AE1F656F9}
		{A25D23B8-352F-4F4A-BEE6-BF6A01850BB2} = {C39DE183-C544-4952-91E2-760AE1F656F9}
	EndGlobalSection
	GlobalSection(ExtensibilityGlobals) = postSolution
		SolutionGuid = {E07DA561-578C-47EE-B640-A52FA5844E73}
	EndGlobalSection
EndGlobal
